
Microsoft Visual Studio Solution File, Format Version 12.00
# Visual Studio 15
VisualStudioVersion = 15.0.27130.2027
MinimumVisualStudioVersion = 10.0.40219.1
Project("{FAE04EC0-301F-11D3-BF4B-00C04F79EFBC}") = "KNN.Library", "KNN.Library\KNN.Library.csproj", "{1C41BC0D-0C50-488A-949F-B3D491C5D655}"
EndProject
Project("{FAE04EC0-301F-11D3-BF4B-00C04F79EFBC}") = "KNN.WindowApp", "KNN.WindowApp\KNN.WindowApp.csproj", "{B6B9AA0D-30FD-4FBB-B3A5-A8FD310B8CB7}"
EndProject
Project("{FAE04EC0-301F-11D3-BF4B-00C04F79EFBC}") = "KNN.Solver", "KNN.ProblemSolver\KNN.Solver.csproj", "{7127BA6E-CA69-4CAF-88B6-F4E6A60CE053}"
EndProject
Project("{FAE04EC0-301F-11D3-BF4B-00C04F79EFBC}") = "CorrectnessChecker", "CorrectnessChecker\CorrectnessChecker.csproj", "{9D969C84-1B71-426C-9C85-EC976F639AF8}"
EndProject
Global
	GlobalSection(SolutionConfigurationPlatforms) = preSolution
		Debug|Any CPU = Debug|Any CPU
		Release|Any CPU = Release|Any CPU
	EndGlobalSection
	GlobalSection(ProjectConfigurationPlatforms) = postSolution
		{1C41BC0D-0C50-488A-949F-B3D491C5D655}.Debug|Any CPU.ActiveCfg = Debug|Any CPU
		{1C41BC0D-0C50-488A-949F-B3D491C5D655}.Debug|Any CPU.Build.0 = Debug|Any CPU
		{1C41BC0D-0C50-488A-949F-B3D491C5D655}.Release|Any CPU.ActiveCfg = Release|Any CPU
		{1C41BC0D-0C50-488A-949F-B3D491C5D655}.Release|Any CPU.Build.0 = Release|Any CPU
		{B6B9AA0D-30FD-4FBB-B3A5-A8FD310B8CB7}.Debug|Any CPU.ActiveCfg = Debug|Any CPU
		{B6B9AA0D-30FD-4FBB-B3A5-A8FD310B8CB7}.Debug|Any CPU.Build.0 = Debug|Any CPU
		{B6B9AA0D-30FD-4FBB-B3A5-A8FD310B8CB7}.Release|Any CPU.ActiveCfg = Release|Any CPU
		{B6B9AA0D-30FD-4FBB-B3A5-A8FD310B8CB7}.Release|Any CPU.Build.0 = Release|Any CPU
		{7127BA6E-CA69-4CAF-88B6-F4E6A60CE053}.Debug|Any CPU.ActiveCfg = Debug|Any CPU
		{7127BA6E-CA69-4CAF-88B6-F4E6A60CE053}.Debug|Any CPU.Build.0 = Debug|Any CPU
		{7127BA6E-CA69-4CAF-88B6-F4E6A60CE053}.Release|Any CPU.ActiveCfg = Release|Any CPU
		{7127BA6E-CA69-4CAF-88B6-F4E6A60CE053}.Release|Any CPU.Build.0 = Release|Any CPU
		{9D969C84-1B71-426C-9C85-EC976F639AF8}.Debug|Any CPU.ActiveCfg = Debug|Any CPU
		{9D969C84-1B71-426C-9C85-EC976F639AF8}.Debug|Any CPU.Build.0 = Debug|Any CPU
		{9D969C84-1B71-426C-9C85-EC976F639AF8}.Release|Any CPU.ActiveCfg = Release|Any CPU
		{9D969C84-1B71-426C-9C85-EC976F639AF8}.Release|Any CPU.Build.0 = Release|Any CPU
	EndGlobalSection
	GlobalSection(SolutionProperties) = preSolution
		HideSolutionNode = FALSE
	EndGlobalSection
	GlobalSection(ExtensibilityGlobals) = postSolution
		SolutionGuid = {2DFD6A5E-22FF-4733-A0E9-E2A7391B6975}
	EndGlobalSection
EndGlobal
